
Microsoft Visual Studio Solution File, Format Version 12.00
# Visual Studio 2017
Project("{FAE04EC0-301F-11D3-BF4B-00C04F79EFBC}") = "HealthHack", "HealthHack.csproj", "{5EE2F57A-B6A4-D055-E4A9-26C9DE92A34B}"
EndProject
Project("{FAE04EC0-301F-11D3-BF4B-00C04F79EFBC}") = "HealthHack.Plugins", "HealthHack.Plugins.csproj", "{174AC892-9281-71B4-369D-4CDE86B5E094}"
EndProject
Project("{FAE04EC0-301F-11D3-BF4B-00C04F79EFBC}") = "HealthHack.Editor.Plugins", "HealthHack.Editor.Plugins.csproj", "{7B58B9C6-EB3C-2CB5-C72C-263014F0D6A8}"
EndProject
Global
	GlobalSection(SolutionConfigurationPlatforms) = preSolution
		Debug|Any CPU = Debug|Any CPU
		Release|Any CPU = Release|Any CPU
	EndGlobalSection
	GlobalSection(ProjectConfigurationPlatforms) = postSolution
		{5EE2F57A-B6A4-D055-E4A9-26C9DE92A34B}.Debug|Any CPU.ActiveCfg = Debug|Any CPU
		{5EE2F57A-B6A4-D055-E4A9-26C9DE92A34B}.Debug|Any CPU.Build.0 = Debug|Any CPU
		{5EE2F57A-B6A4-D055-E4A9-26C9DE92A34B}.Release|Any CPU.ActiveCfg = Release|Any CPU
		{5EE2F57A-B6A4-D055-E4A9-26C9DE92A34B}.Release|Any CPU.Build.0 = Release|Any CPU
		{174AC892-9281-71B4-369D-4CDE86B5E094}.Debug|Any CPU.ActiveCfg = Debug|Any CPU
		{174AC892-9281-71B4-369D-4CDE86B5E094}.Debug|Any CPU.Build.0 = Debug|Any CPU
		{174AC892-9281-71B4-369D-4CDE86B5E094}.Release|Any CPU.ActiveCfg = Release|Any CPU
		{174AC892-9281-71B4-369D-4CDE86B5E094}.Release|Any CPU.Build.0 = Release|Any CPU
		{7B58B9C6-EB3C-2CB5-C72C-263014F0D6A8}.Debug|Any CPU.ActiveCfg = Debug|Any CPU
		{7B58B9C6-EB3C-2CB5-C72C-263014F0D6A8}.Debug|Any CPU.Build.0 = Debug|Any CPU
		{7B58B9C6-EB3C-2CB5-C72C-263014F0D6A8}.Release|Any CPU.ActiveCfg = Release|Any CPU
		{7B58B9C6-EB3C-2CB5-C72C-263014F0D6A8}.Release|Any CPU.Build.0 = Release|Any CPU
	EndGlobalSection
	GlobalSection(SolutionProperties) = preSolution
		HideSolutionNode = FALSE
	EndGlobalSection
EndGlobal
